{
    "_meta": {
        "hash": {
            "sha256": "f31c8795e8cc7428425a8f1fabf3a48bcb47814497127ee24d54a69e488f1a53"
        },
        "pipfile-spec": 6,
        "requires": {
            "python_version": "3.6"
        },
        "sources": [
            {
                "name": "pypi",
                "url": "https://pypi.org/simple",
                "verify_ssl": true
            }
        ]
    },
    "default": {
        "altgraph": {
            "hashes": [
                "sha256:d6814989f242b2b43025cba7161fc1b8fb487a62cd49c49245d6fd01c18ac997",
                "sha256:ddf5320017147ba7b810198e0b6619bd7b5563aa034da388cea8546b877f9b0c"
            ],
            "version": "==0.16.1"
        },
        "bz2file": {
            "hashes": [
                "sha256:64c1f811e31556ba9931953c8ec7b397488726c63e09a4c67004f43bdd28da88"
            ],
            "version": "==0.98"
        },
        "click": {
            "hashes": [
                "sha256:29f99fc6125fbc931b758dc053b3114e55c77a6e4c6c3a2674a2dc986016381d",
                "sha256:f15516df478d5a56180fbf80e68f206010e6d160fc39fa508b65e035fd75130b"
            ],
            "index": "pypi",
            "version": "==6.7"
        },
        "epub": {
            "hashes": [
                "sha256:578c86aa8971f820c189166c5665a34e63a9ad93893931debbf1c350b9637fd2"
            ],
            "version": "==0.5.2"
        },
        "epub-conversion": {
            "hashes": [
                "sha256:db0fb6c6878ffbee84e14428eb2a5a69cddfe257c29435a3cc9eefdec743b89b"
            ],
            "index": "pypi",
            "version": "==1.0.7"
        },
        "future": {
            "hashes": [
                "sha256:e39ced1ab767b5936646cedba8bcce582398233d6a627067d4c6a454c90cfedb"
            ],
            "version": "==0.16.0"
        },
        "jieba": {
            "hashes": [
                "sha256:de385e48582a4862e55a9167334d0fbe91d479026e5dac40e59e22c08b8e883e"
            ],
            "index": "pypi",
            "version": "==0.39"
        },
        "macholib": {
            "hashes": [
                "sha256:9485686b89d357f4a99fda5a12349b261ecf2baedd526d2c9b6397167a507e90",
                "sha256:a8941ff2cf2519859ed64d1248782442c98f5e1e28a1c331911d5501f74b7b37"
            ],
            "version": "==1.10"
        },
        "pefile": {
            "hashes": [
                "sha256:4c5b7e2de0c8cb6c504592167acf83115cbbde01fe4a507c16a1422850e86cd6"
            ],
            "version": "==2018.8.8"
        },
        "pyinstaller": {
            "hashes": [
                "sha256:715f81f24b1ef0e5fe3b3c71e7540551838e46e9de30882aa7c0a521147fd1ce"
            ],
            "index": "pypi",
            "version": "==3.3.1"
        },
        "pyqt5": {
            "hashes": [
                "sha256:700b8bb0357bf0ac312bce283449de733f5773dfc77083664be188c8e964c007",
                "sha256:76d52f3627fac8bfdbc4857ce52a615cd879abd79890cde347682ff9b4b245a2",
                "sha256:7d0f7c0aed9c3ef70d5856e99f30ebcfe25a58300158dd46ee544cbe1c5b53db",
                "sha256:d5dc2faf0aeacd0e8b69af1dc9f1276a64020193148356bb319bdfae22b78f88"
            ],
            "index": "pypi",
            "version": "==5.11.2"
        },
        "pyqt5-sip": {
            "hashes": [
                "sha256:3bcd8efae7798ce41aa7c3a052bd5ce1849f437530b8a717bae39197e780f505",
                "sha256:4a3c5767d6c238d8c62d252ac59312fac8b2264a1e8a5670081d7f3545893005",
                "sha256:67481d70fb0c7fb83e77b9025e15d0e78c7647c228eef934bd20ba716845a519",
                "sha256:7b2e563e4e56adee00101a29913fdcc49cc714f6c4f7eb35449f493c3a88fc45",
                "sha256:92a4950cba7ad7b7f67c09bdf80170ac225b38844b3a10f1271b02bace2ffc64",
                "sha256:9309c10f9e648521cfe03b62f4658dad2314f81886062cb30e0ad31b337e14b0",
                "sha256:9f524e60fa6113b50c48fbd869b2aef19833f3fe278097b1e7403e8f4dd5392c",
                "sha256:a10f59ad65b34e183853e1387b68901f473a2041f7398fac87c4e445ab149830",
                "sha256:abc2b2df469b4efb01d9dba4b804cbf0312f109ed74752dc3a37394a77d55b1f",
                "sha256:c09c17009a2dd2a6317a14d3cea9b2300fdb2206cf9bc4bae0870d1919897935",
                "sha256:c30c162e1430fd5a02207f1bd478e170c61d89fcca11ac6d8babb73cb33a86a8",
                "sha256:f00ceceef75a2140fda737bd30847ac69b7d92fbd32b6ea7b387017e72176bd8"
            ],
            "version": "==4.19.12"
        },
        "regex": {
            "hashes": [
                "sha256:060bf5f9c0311794bde90294b858830684861aee9c1f22ef5ce20d8fabf05a4e",
                "sha256:0f7cbe57eed5429b8f4295b338ab6492338ec9793e363216bdfba905ae82c7c0",
                "sha256:19a76b228cbf13024bbe098da8563fc5f4831271531d5e4d9d289c68c1b01233",
                "sha256:22cdfa574fa85bf536ed9197a9796962e1c131c736fc0aa9dd24045f3e333304",
                "sha256:4d3323f434782185d0b89f34ba6c125f19e3bfe5e099a72c1e33e7cfd43013d2",
                "sha256:56494baf1ed525deea426d3676b1ae3fdcc906b55eccfcb4ea928453e11f2a43",
                "sha256:5c896c51b06c96d9d5e1c41495fd0fbe92f711225b889e2faef534f0a697f0db",
                "sha256:5f1838807ced5c5fa011e3f935568ff59e0b2e6c83119668b961e3bb383e12f6",
                "sha256:5f3ab6220d9c191392563c9727552fd3c1f3a3566180a64717d37554ad7414b7",
                "sha256:7c90d56daeb64371670e528bd08a6e722a025a508effa84842d6c66727e7e422",
                "sha256:98179516aa75ef0e9ecbda8cd4b14f6e4186e32da3fc21466edd25c917fd8110",
                "sha256:c7a5613e903937c73d02f9b3b4b4dce0275fd6909295939a9f3ea50dbf6a2d4e",
                "sha256:d8945dba30c1070c398ad2e0356aa0dd55d87129fa9bac2cd885ca95ff92a555",
                "sha256:e45c34102da4621eee9fc25df1651129ab3adcc1f754bb77ea329aea39c2288c",
                "sha256:eb5a96f142f0bb4ac37b8e8a334c234c48b571324b385cf2d66a84522d5ec075"
            ],
            "index": "pypi",
            "version": "==2018.8.17"
        },
        "xml-cleaner": {
            "hashes": [
                "sha256:7b79fbab3d9b9a57dbd5b3b6d7457f576722e2e20f42653b4939de6065fbb90d"
            ],
            "version": "==2.0.4"
        }
    },
    "develop": {}
}
